// !$*UTF8*$!
{
	archiveVersion = 1;
	classes = {
	};
	objectVersion = 56;
	objects = {

/* Begin PBXBuildFile section */
		23ABEC382D45D50000F7506B /* AppDelegate.swift in Sources */ = {isa = PBXBuildFile; fileRef = 23ABEC372D45D50000F7506B /* AppDelegate.swift */; };
		23ABEC3F2D45D50000F7506B /* Base in Resources */ = {isa = PBXBuildFile; fileRef = 23ABEC3E2D45D50000F7506B /* Base */; };
		23ABEC412D45D50200F7506B /* Assets.xcassets in Resources */ = {isa = PBXBuildFile; fileRef = 23ABEC402D45D50200F7506B /* Assets.xcassets */; };
		23ABEC442D45D50200F7506B /* Base in Resources */ = {isa = PBXBuildFile; fileRef = 23ABEC432D45D50200F7506B /* Base */; };
		23ABEC592D45D50200F7506B /* JaideepTaskCryptoUITests.swift in Sources */ = {isa = PBXBuildFile; fileRef = 23ABEC582D45D50200F7506B /* JaideepTaskCryptoUITests.swift */; };
		23ABEC5B2D45D50200F7506B /* JaideepTaskCryptoUITestsLaunchTests.swift in Sources */ = {isa = PBXBuildFile; fileRef = 23ABEC5A2D45D50200F7506B /* JaideepTaskCryptoUITestsLaunchTests.swift */; };
		23ABEC722D45D64600F7506B /* Anchor.swift in Sources */ = {isa = PBXBuildFile; fileRef = 23ABEC712D45D64600F7506B /* Anchor.swift */; };
		23ABEC742D45D68300F7506B /* NetworkConfig.swift in Sources */ = {isa = PBXBuildFile; fileRef = 23ABEC732D45D68300F7506B /* NetworkConfig.swift */; };
		23ABEC762D45D6A900F7506B /* NetworkUtility.swift in Sources */ = {isa = PBXBuildFile; fileRef = 23ABEC752D45D6A900F7506B /* NetworkUtility.swift */; };
		23ABEC782D45D6CB00F7506B /* Networking.swift in Sources */ = {isa = PBXBuildFile; fileRef = 23ABEC772D45D6CB00F7506B /* Networking.swift */; };
		23ABEC7B2D45D7F400F7506B /* Crypto.swift in Sources */ = {isa = PBXBuildFile; fileRef = 23ABEC7A2D45D7F400F7506B /* Crypto.swift */; };
		23ABEC7D2D45DAC600F7506B /* AppEnums.swift in Sources */ = {isa = PBXBuildFile; fileRef = 23ABEC7C2D45DAC600F7506B /* AppEnums.swift */; };
		23ABEC802D45DB9500F7506B /* CryptoListViewController.swift in Sources */ = {isa = PBXBuildFile; fileRef = 23ABEC7F2D45DB9500F7506B /* CryptoListViewController.swift */; };
		23ABEC822D45DBAA00F7506B /* CryptoListViewModel.swift in Sources */ = {isa = PBXBuildFile; fileRef = 23ABEC812D45DBAA00F7506B /* CryptoListViewModel.swift */; };
		23ABEC842D45DF7500F7506B /* CryptoListViewController+Delegates.swift in Sources */ = {isa = PBXBuildFile; fileRef = 23ABEC832D45DF7500F7506B /* CryptoListViewController+Delegates.swift */; };
		23ABEC862D45DFC600F7506B /* CryptoTableViewCell.swift in Sources */ = {isa = PBXBuildFile; fileRef = 23ABEC852D45DFC600F7506B /* CryptoTableViewCell.swift */; };
		23ABEC892D45E1B200F7506B /* JaideepTaskCrypto.xcdatamodeld in Sources */ = {isa = PBXBuildFile; fileRef = 23ABEC872D45E1B200F7506B /* JaideepTaskCrypto.xcdatamodeld */; };
		23ABEC8B2D45E5FA00F7506B /* CoreDataStorage.swift in Sources */ = {isa = PBXBuildFile; fileRef = 23ABEC8A2D45E5FA00F7506B /* CoreDataStorage.swift */; };
		23ABECD22D45EB5A00F7506B /* LocalStorage.swift in Sources */ = {isa = PBXBuildFile; fileRef = 23ABECD12D45EB5A00F7506B /* LocalStorage.swift */; };
		23ABECD72D45F92100F7506B /* StorageUtility.swift in Sources */ = {isa = PBXBuildFile; fileRef = 23ABECD62D45F92100F7506B /* StorageUtility.swift */; };
		23ABECDF2D461B0B00F7506B /* FilterViewController.swift in Sources */ = {isa = PBXBuildFile; fileRef = 23ABECDE2D461B0B00F7506B /* FilterViewController.swift */; };
		23ABECE22D461FBC00F7506B /* FilterViewController-CollectionView.swift in Sources */ = {isa = PBXBuildFile; fileRef = 23ABECE12D461FBC00F7506B /* FilterViewController-CollectionView.swift */; };
		23ABECE62D4620F500F7506B /* ChipViewCollectionCell.swift in Sources */ = {isa = PBXBuildFile; fileRef = 23ABECE52D4620F500F7506B /* ChipViewCollectionCell.swift */; };
		23ABECE92D4625F500F7506B /* UIView+Extensions.swift in Sources */ = {isa = PBXBuildFile; fileRef = 23ABECE82D4625F500F7506B /* UIView+Extensions.swift */; };
		23ABECEB2D4631EC00F7506B /* FilterProtocol.swift in Sources */ = {isa = PBXBuildFile; fileRef = 23ABECEA2D4631EC00F7506B /* FilterProtocol.swift */; };
		23ABECED2D47B39C00F7506B /* CryptoListViewModelTests.swift in Sources */ = {isa = PBXBuildFile; fileRef = 23ABECEC2D47B39C00F7506B /* CryptoListViewModelTests.swift */; };
		23ABECF02D47B45D00F7506B /* MockLocalStorage.swift in Sources */ = {isa = PBXBuildFile; fileRef = 23ABECEF2D47B45D00F7506B /* MockLocalStorage.swift */; };
/* End PBXBuildFile section */

/* Begin PBXContainerItemProxy section */
		23ABEC4B2D45D50200F7506B /* PBXContainerItemProxy */ = {
			isa = PBXContainerItemProxy;
			containerPortal = 23ABEC2C2D45D50000F7506B /* Project object */;
			proxyType = 1;
			remoteGlobalIDString = 23ABEC332D45D50000F7506B;
			remoteInfo = JaideepTaskCrypto;
		};
		23ABEC552D45D50200F7506B /* PBXContainerItemProxy */ = {
			isa = PBXContainerItemProxy;
			containerPortal = 23ABEC2C2D45D50000F7506B /* Project object */;
			proxyType = 1;
			remoteGlobalIDString = 23ABEC332D45D50000F7506B;
			remoteInfo = JaideepTaskCrypto;
		};
/* End PBXContainerItemProxy section */

/* Begin PBXFileReference section */
		23ABEC342D45D50000F7506B /* JaideepTaskCrypto.app */ = {isa = PBXFileReference; explicitFileType = wrapper.application; includeInIndex = 0; path = JaideepTaskCrypto.app; sourceTree = BUILT_PRODUCTS_DIR; };
		23ABEC372D45D50000F7506B /* AppDelegate.swift */ = {isa = PBXFileReference; lastKnownFileType = sourcecode.swift; path = AppDelegate.swift; sourceTree = "<group>"; };
		23ABEC3E2D45D50000F7506B /* Base */ = {isa = PBXFileReference; lastKnownFileType = file.storyboard; name = Base; path = Base.lproj/Main.storyboard; sourceTree = "<group>"; };
		23ABEC402D45D50200F7506B /* Assets.xcassets */ = {isa = PBXFileReference; lastKnownFileType = folder.assetcatalog; path = Assets.xcassets; sourceTree = "<group>"; };
		23ABEC432D45D50200F7506B /* Base */ = {isa = PBXFileReference; lastKnownFileType = file.storyboard; name = Base; path = Base.lproj/LaunchScreen.storyboard; sourceTree = "<group>"; };
		23ABEC452D45D50200F7506B /* Info.plist */ = {isa = PBXFileReference; lastKnownFileType = text.plist.xml; path = Info.plist; sourceTree = "<group>"; };
		23ABEC4A2D45D50200F7506B /* JaideepTaskCryptoTests.xctest */ = {isa = PBXFileReference; explicitFileType = wrapper.cfbundle; includeInIndex = 0; path = JaideepTaskCryptoTests.xctest; sourceTree = BUILT_PRODUCTS_DIR; };
		23ABEC542D45D50200F7506B /* JaideepTaskCryptoUITests.xctest */ = {isa = PBXFileReference; explicitFileType = wrapper.cfbundle; includeInIndex = 0; path = JaideepTaskCryptoUITests.xctest; sourceTree = BUILT_PRODUCTS_DIR; };
		23ABEC582D45D50200F7506B /* JaideepTaskCryptoUITests.swift */ = {isa = PBXFileReference; lastKnownFileType = sourcecode.swift; path = JaideepTaskCryptoUITests.swift; sourceTree = "<group>"; };
		23ABEC5A2D45D50200F7506B /* JaideepTaskCryptoUITestsLaunchTests.swift */ = {isa = PBXFileReference; lastKnownFileType = sourcecode.swift; path = JaideepTaskCryptoUITestsLaunchTests.swift; sourceTree = "<group>"; };
		23ABEC712D45D64600F7506B /* Anchor.swift */ = {isa = PBXFileReference; lastKnownFileType = sourcecode.swift; path = Anchor.swift; sourceTree = "<group>"; };
		23ABEC732D45D68300F7506B /* NetworkConfig.swift */ = {isa = PBXFileReference; lastKnownFileType = sourcecode.swift; path = NetworkConfig.swift; sourceTree = "<group>"; };
		23ABEC752D45D6A900F7506B /* NetworkUtility.swift */ = {isa = PBXFileReference; lastKnownFileType = sourcecode.swift; path = NetworkUtility.swift; sourceTree = "<group>"; };
		23ABEC772D45D6CB00F7506B /* Networking.swift */ = {isa = PBXFileReference; lastKnownFileType = sourcecode.swift; path = Networking.swift; sourceTree = "<group>"; };
		23ABEC7A2D45D7F400F7506B /* Crypto.swift */ = {isa = PBXFileReference; lastKnownFileType = sourcecode.swift; path = Crypto.swift; sourceTree = "<group>"; };
		23ABEC7C2D45DAC600F7506B /* AppEnums.swift */ = {isa = PBXFileReference; lastKnownFileType = sourcecode.swift; path = AppEnums.swift; sourceTree = "<group>"; };
		23ABEC7F2D45DB9500F7506B /* CryptoListViewController.swift */ = {isa = PBXFileReference; lastKnownFileType = sourcecode.swift; path = CryptoListViewController.swift; sourceTree = "<group>"; };
		23ABEC812D45DBAA00F7506B /* CryptoListViewModel.swift */ = {isa = PBXFileReference; lastKnownFileType = sourcecode.swift; path = CryptoListViewModel.swift; sourceTree = "<group>"; };
		23ABEC832D45DF7500F7506B /* CryptoListViewController+Delegates.swift */ = {isa = PBXFileReference; lastKnownFileType = sourcecode.swift; path = "CryptoListViewController+Delegates.swift"; sourceTree = "<group>"; };
		23ABEC852D45DFC600F7506B /* CryptoTableViewCell.swift */ = {isa = PBXFileReference; lastKnownFileType = sourcecode.swift; path = CryptoTableViewCell.swift; sourceTree = "<group>"; };
		23ABEC882D45E1B200F7506B /* JaideepTaskCrypto.xcdatamodel */ = {isa = PBXFileReference; lastKnownFileType = wrapper.xcdatamodel; path = JaideepTaskCrypto.xcdatamodel; sourceTree = "<group>"; };
		23ABEC8A2D45E5FA00F7506B /* CoreDataStorage.swift */ = {isa = PBXFileReference; lastKnownFileType = sourcecode.swift; path = CoreDataStorage.swift; sourceTree = "<group>"; };
		23ABECD12D45EB5A00F7506B /* LocalStorage.swift */ = {isa = PBXFileReference; lastKnownFileType = sourcecode.swift; path = LocalStorage.swift; sourceTree = "<group>"; };
		23ABECD62D45F92100F7506B /* StorageUtility.swift */ = {isa = PBXFileReference; lastKnownFileType = sourcecode.swift; path = StorageUtility.swift; sourceTree = "<group>"; };
		23ABECDE2D461B0B00F7506B /* FilterViewController.swift */ = {isa = PBXFileReference; lastKnownFileType = sourcecode.swift; path = FilterViewController.swift; sourceTree = "<group>"; };
		23ABECE12D461FBC00F7506B /* FilterViewController-CollectionView.swift */ = {isa = PBXFileReference; lastKnownFileType = sourcecode.swift; path = "FilterViewController-CollectionView.swift"; sourceTree = "<group>"; };
		23ABECE52D4620F500F7506B /* ChipViewCollectionCell.swift */ = {isa = PBXFileReference; lastKnownFileType = sourcecode.swift; path = ChipViewCollectionCell.swift; sourceTree = "<group>"; };
		23ABECE82D4625F500F7506B /* UIView+Extensions.swift */ = {isa = PBXFileReference; lastKnownFileType = sourcecode.swift; path = "UIView+Extensions.swift"; sourceTree = "<group>"; };
		23ABECEA2D4631EC00F7506B /* FilterProtocol.swift */ = {isa = PBXFileReference; lastKnownFileType = sourcecode.swift; path = FilterProtocol.swift; sourceTree = "<group>"; };
		23ABECEC2D47B39C00F7506B /* CryptoListViewModelTests.swift */ = {isa = PBXFileReference; lastKnownFileType = sourcecode.swift; path = CryptoListViewModelTests.swift; sourceTree = "<group>"; };
		23ABECEF2D47B45D00F7506B /* MockLocalStorage.swift */ = {isa = PBXFileReference; lastKnownFileType = sourcecode.swift; path = MockLocalStorage.swift; sourceTree = "<group>"; };
/* End PBXFileReference section */

/* Begin PBXFrameworksBuildPhase section */
		23ABEC312D45D50000F7506B /* Frameworks */ = {
			isa = PBXFrameworksBuildPhase;
			buildActionMask = 2147483647;
			files = (
			);
			runOnlyForDeploymentPostprocessing = 0;
		};
		23ABEC472D45D50200F7506B /* Frameworks */ = {
			isa = PBXFrameworksBuildPhase;
			buildActionMask = 2147483647;
			files = (
			);
			runOnlyForDeploymentPostprocessing = 0;
		};
		23ABEC512D45D50200F7506B /* Frameworks */ = {
			isa = PBXFrameworksBuildPhase;
			buildActionMask = 2147483647;
			files = (
			);
			runOnlyForDeploymentPostprocessing = 0;
		};
/* End PBXFrameworksBuildPhase section */

/* Begin PBXGroup section */
		23ABEC2B2D45D50000F7506B = {
			isa = PBXGroup;
			children = (
				23ABEC362D45D50000F7506B /* JaideepTaskCrypto */,
				23ABEC4D2D45D50200F7506B /* JaideepTaskCryptoTests */,
				23ABEC572D45D50200F7506B /* JaideepTaskCryptoUITests */,
				23ABEC352D45D50000F7506B /* Products */,
			);
			sourceTree = "<group>";
		};
		23ABEC352D45D50000F7506B /* Products */ = {
			isa = PBXGroup;
			children = (
				23ABEC342D45D50000F7506B /* JaideepTaskCrypto.app */,
				23ABEC4A2D45D50200F7506B /* JaideepTaskCryptoTests.xctest */,
				23ABEC542D45D50200F7506B /* JaideepTaskCryptoUITests.xctest */,
			);
			name = Products;
			sourceTree = "<group>";
		};
		23ABEC362D45D50000F7506B /* JaideepTaskCrypto */ = {
			isa = PBXGroup;
			children = (
				23ABEC682D45D51C00F7506B /* Resources */,
				23ABEC672D45D51000F7506B /* Sources */,
				23ABEC452D45D50200F7506B /* Info.plist */,
			);
			path = JaideepTaskCrypto;
			sourceTree = "<group>";
		};
		23ABEC4D2D45D50200F7506B /* JaideepTaskCryptoTests */ = {
			isa = PBXGroup;
			children = (
				23ABECEE2D47B44E00F7506B /* Mocks */,
				23ABECEC2D47B39C00F7506B /* CryptoListViewModelTests.swift */,
			);
			path = JaideepTaskCryptoTests;
			sourceTree = "<group>";
		};
		23ABEC572D45D50200F7506B /* JaideepTaskCryptoUITests */ = {
			isa = PBXGroup;
			children = (
				23ABEC582D45D50200F7506B /* JaideepTaskCryptoUITests.swift */,
				23ABEC5A2D45D50200F7506B /* JaideepTaskCryptoUITestsLaunchTests.swift */,
			);
			path = JaideepTaskCryptoUITests;
			sourceTree = "<group>";
		};
		23ABEC672D45D51000F7506B /* Sources */ = {
			isa = PBXGroup;
			children = (
				23ABEC692D45D52200F7506B /* App */,
				23ABEC792D45D71800F7506B /* Models */,
				23ABEC6B2D45D52B00F7506B /* Modules */,
				23ABEC6C2D45D53200F7506B /* Utility */,
				23ABEC6A2D45D52600F7506B /* Views */,
			);
			path = Sources;
			sourceTree = "<group>";
		};
		23ABEC682D45D51C00F7506B /* Resources */ = {
			isa = PBXGroup;
			children = (
				23ABEC6D2D45D55300F7506B /* Storyboards */,
				23ABEC402D45D50200F7506B /* Assets.xcassets */,
				23ABEC872D45E1B200F7506B /* JaideepTaskCrypto.xcdatamodeld */,
			);
			path = Resources;
			sourceTree = "<group>";
		};
		23ABEC692D45D52200F7506B /* App */ = {
			isa = PBXGroup;
			children = (
				23ABEC372D45D50000F7506B /* AppDelegate.swift */,
			);
			path = App;
			sourceTree = "<group>";
		};
		23ABEC6A2D45D52600F7506B /* Views */ = {
			isa = PBXGroup;
			children = (
				23ABEC852D45DFC600F7506B /* CryptoTableViewCell.swift */,
				23ABECE52D4620F500F7506B /* ChipViewCollectionCell.swift */,
			);
			path = Views;
			sourceTree = "<group>";
		};
		23ABEC6B2D45D52B00F7506B /* Modules */ = {
			isa = PBXGroup;
			children = (
				23ABECE02D461F3000F7506B /* Filter */,
				23ABEC7E2D45DB7600F7506B /* CryptoList */,
			);
			path = Modules;
			sourceTree = "<group>";
		};
		23ABEC6C2D45D53200F7506B /* Utility */ = {
			isa = PBXGroup;
			children = (
				23ABEC7C2D45DAC600F7506B /* AppEnums.swift */,
				23ABEC702D45D62000F7506B /* Anchor */,
				23ABECE72D4625D300F7506B /* Extensions */,
				23ABEC6F2D45D5DC00F7506B /* LocalStorage */,
				23ABEC6E2D45D5D500F7506B /* Network */,
			);
			path = Utility;
			sourceTree = "<group>";
		};
		23ABEC6D2D45D55300F7506B /* Storyboards */ = {
			isa = PBXGroup;
			children = (
				23ABEC422D45D50200F7506B /* LaunchScreen.storyboard */,
				23ABEC3D2D45D50000F7506B /* Main.storyboard */,
			);
			path = Storyboards;
			sourceTree = "<group>";
		};
		23ABEC6E2D45D5D500F7506B /* Network */ = {
			isa = PBXGroup;
			children = (
				23ABEC732D45D68300F7506B /* NetworkConfig.swift */,
				23ABEC752D45D6A900F7506B /* NetworkUtility.swift */,
				23ABEC772D45D6CB00F7506B /* Networking.swift */,
			);
			path = Network;
			sourceTree = "<group>";
		};
		23ABEC6F2D45D5DC00F7506B /* LocalStorage */ = {
			isa = PBXGroup;
			children = (
				23ABEC8A2D45E5FA00F7506B /* CoreDataStorage.swift */,
				23ABECD62D45F92100F7506B /* StorageUtility.swift */,
				23ABECD12D45EB5A00F7506B /* LocalStorage.swift */,
			);
			path = LocalStorage;
			sourceTree = "<group>";
		};
		23ABEC702D45D62000F7506B /* Anchor */ = {
			isa = PBXGroup;
			children = (
				23ABEC712D45D64600F7506B /* Anchor.swift */,
			);
			path = Anchor;
			sourceTree = "<group>";
		};
		23ABEC792D45D71800F7506B /* Models */ = {
			isa = PBXGroup;
			children = (
				23ABEC7A2D45D7F400F7506B /* Crypto.swift */,
			);
			path = Models;
			sourceTree = "<group>";
		};
		23ABEC7E2D45DB7600F7506B /* CryptoList */ = {
			isa = PBXGroup;
			children = (
				23ABEC812D45DBAA00F7506B /* CryptoListViewModel.swift */,
				23ABEC7F2D45DB9500F7506B /* CryptoListViewController.swift */,
				23ABEC832D45DF7500F7506B /* CryptoListViewController+Delegates.swift */,
			);
			path = CryptoList;
			sourceTree = "<group>";
		};
		23ABECE02D461F3000F7506B /* Filter */ = {
			isa = PBXGroup;
			children = (
				23ABECEA2D4631EC00F7506B /* FilterProtocol.swift */,
				23ABECDE2D461B0B00F7506B /* FilterViewController.swift */,
				23ABECE12D461FBC00F7506B /* FilterViewController-CollectionView.swift */,
			);
			path = Filter;
			sourceTree = "<group>";
		};
		23ABECE72D4625D300F7506B /* Extensions */ = {
			isa = PBXGroup;
			children = (
				23ABECE82D4625F500F7506B /* UIView+Extensions.swift */,
			);
			path = Extensions;
			sourceTree = "<group>";
		};
		23ABECEE2D47B44E00F7506B /* Mocks */ = {
			isa = PBXGroup;
			children = (
				23ABECEF2D47B45D00F7506B /* MockLocalStorage.swift */,
			);
			path = Mocks;
			sourceTree = "<group>";
		};
/* End PBXGroup section */

/* Begin PBXNativeTarget section */
		23ABEC332D45D50000F7506B /* JaideepTaskCrypto */ = {
			isa = PBXNativeTarget;
			buildConfigurationList = 23ABEC5E2D45D50200F7506B /* Build configuration list for PBXNativeTarget "JaideepTaskCrypto" */;
			buildPhases = (
				23ABEC302D45D50000F7506B /* Sources */,
				23ABEC312D45D50000F7506B /* Frameworks */,
				23ABEC322D45D50000F7506B /* Resources */,
			);
			buildRules = (
			);
			dependencies = (
			);
			name = JaideepTaskCrypto;
			productName = JaideepTaskCrypto;
			productReference = 23ABEC342D45D50000F7506B /* JaideepTaskCrypto.app */;
			productType = "com.apple.product-type.application";
		};
		23ABEC492D45D50200F7506B /* JaideepTaskCryptoTests */ = {
			isa = PBXNativeTarget;
			buildConfigurationList = 23ABEC612D45D50200F7506B /* Build configuration list for PBXNativeTarget "JaideepTaskCryptoTests" */;
			buildPhases = (
				23ABEC462D45D50200F7506B /* Sources */,
				23ABEC472D45D50200F7506B /* Frameworks */,
				23ABEC482D45D50200F7506B /* Resources */,
			);
			buildRules = (
			);
			dependencies = (
				23ABEC4C2D45D50200F7506B /* PBXTargetDependency */,
			);
			name = JaideepTaskCryptoTests;
			productName = JaideepTaskCryptoTests;
			productReference = 23ABEC4A2D45D50200F7506B /* JaideepTaskCryptoTests.xctest */;
			productType = "com.apple.product-type.bundle.unit-test";
		};
		23ABEC532D45D50200F7506B /* JaideepTaskCryptoUITests */ = {
			isa = PBXNativeTarget;
			buildConfigurationList = 23ABEC642D45D50200F7506B /* Build configuration list for PBXNativeTarget "JaideepTaskCryptoUITests" */;
			buildPhases = (
				23ABEC502D45D50200F7506B /* Sources */,
				23ABEC512D45D50200F7506B /* Frameworks */,
				23ABEC522D45D50200F7506B /* Resources */,
			);
			buildRules = (
			);
			dependencies = (
				23ABEC562D45D50200F7506B /* PBXTargetDependency */,
			);
			name = JaideepTaskCryptoUITests;
			productName = JaideepTaskCryptoUITests;
			productReference = 23ABEC542D45D50200F7506B /* JaideepTaskCryptoUITests.xctest */;
			productType = "com.apple.product-type.bundle.ui-testing";
		};
/* End PBXNativeTarget section */

/* Begin PBXProject section */
		23ABEC2C2D45D50000F7506B /* Project object */ = {
			isa = PBXProject;
			attributes = {
				BuildIndependentTargetsInParallel = 1;
				LastSwiftUpdateCheck = 1540;
				LastUpgradeCheck = 1540;
				TargetAttributes = {
					23ABEC332D45D50000F7506B = {
						CreatedOnToolsVersion = 15.4;
					};
					23ABEC492D45D50200F7506B = {
						CreatedOnToolsVersion = 15.4;
						LastSwiftMigration = 1540;
						TestTargetID = 23ABEC332D45D50000F7506B;
					};
					23ABEC532D45D50200F7506B = {
						CreatedOnToolsVersion = 15.4;
						TestTargetID = 23ABEC332D45D50000F7506B;
					};
				};
			};
			buildConfigurationList = 23ABEC2F2D45D50000F7506B /* Build configuration list for PBXProject "JaideepTaskCrypto" */;
			compatibilityVersion = "Xcode 14.0";
			developmentRegion = en;
			hasScannedForEncodings = 0;
			knownRegions = (
				en,
				Base,
			);
			mainGroup = 23ABEC2B2D45D50000F7506B;
			productRefGroup = 23ABEC352D45D50000F7506B /* Products */;
			projectDirPath = "";
			projectRoot = "";
			targets = (
				23ABEC332D45D50000F7506B /* JaideepTaskCrypto */,
				23ABEC492D45D50200F7506B /* JaideepTaskCryptoTests */,
				23ABEC532D45D50200F7506B /* JaideepTaskCryptoUITests */,
			);
		};
/* End PBXProject section */

/* Begin PBXResourcesBuildPhase section */
		23ABEC322D45D50000F7506B /* Resources */ = {
			isa = PBXResourcesBuildPhase;
			buildActionMask = 2147483647;
			files = (
				23ABEC412D45D50200F7506B /* Assets.xcassets in Resources */,
				23ABEC442D45D50200F7506B /* Base in Resources */,
				23ABEC3F2D45D50000F7506B /* Base in Resources */,
			);
			runOnlyForDeploymentPostprocessing = 0;
		};
		23ABEC482D45D50200F7506B /* Resources */ = {
			isa = PBXResourcesBuildPhase;
			buildActionMask = 2147483647;
			files = (
			);
			runOnlyForDeploymentPostprocessing = 0;
		};
		23ABEC522D45D50200F7506B /* Resources */ = {
			isa = PBXResourcesBuildPhase;
			buildActionMask = 2147483647;
			files = (
			);
			runOnlyForDeploymentPostprocessing = 0;
		};
/* End PBXResourcesBuildPhase section */

/* Begin PBXSourcesBuildPhase section */
		23ABEC302D45D50000F7506B /* Sources */ = {
			isa = PBXSourcesBuildPhase;
			buildActionMask = 2147483647;
			files = (
				23ABECE92D4625F500F7506B /* UIView+Extensions.swift in Sources */,
				23ABEC892D45E1B200F7506B /* JaideepTaskCrypto.xcdatamodeld in Sources */,
				23ABEC862D45DFC600F7506B /* CryptoTableViewCell.swift in Sources */,
				23ABECEB2D4631EC00F7506B /* FilterProtocol.swift in Sources */,
				23ABEC382D45D50000F7506B /* AppDelegate.swift in Sources */,
				23ABEC722D45D64600F7506B /* Anchor.swift in Sources */,
				23ABEC7D2D45DAC600F7506B /* AppEnums.swift in Sources */,
				23ABEC782D45D6CB00F7506B /* Networking.swift in Sources */,
				23ABEC842D45DF7500F7506B /* CryptoListViewController+Delegates.swift in Sources */,
				23ABEC802D45DB9500F7506B /* CryptoListViewController.swift in Sources */,
				23ABEC822D45DBAA00F7506B /* CryptoListViewModel.swift in Sources */,
				23ABECD72D45F92100F7506B /* StorageUtility.swift in Sources */,
				23ABECE22D461FBC00F7506B /* FilterViewController-CollectionView.swift in Sources */,
				23ABECDF2D461B0B00F7506B /* FilterViewController.swift in Sources */,
				23ABECE62D4620F500F7506B /* ChipViewCollectionCell.swift in Sources */,
				23ABEC742D45D68300F7506B /* NetworkConfig.swift in Sources */,
				23ABEC8B2D45E5FA00F7506B /* CoreDataStorage.swift in Sources */,
				23ABECD22D45EB5A00F7506B /* LocalStorage.swift in Sources */,
				23ABEC7B2D45D7F400F7506B /* Crypto.swift in Sources */,
				23ABEC762D45D6A900F7506B /* NetworkUtility.swift in Sources */,
			);
			runOnlyForDeploymentPostprocessing = 0;
		};
		23ABEC462D45D50200F7506B /* Sources */ = {
			isa = PBXSourcesBuildPhase;
			buildActionMask = 2147483647;
			files = (
				23ABECED2D47B39C00F7506B /* CryptoListViewModelTests.swift in Sources */,
				23ABECF02D47B45D00F7506B /* MockLocalStorage.swift in Sources */,
			);
			runOnlyForDeploymentPostprocessing = 0;
		};
		23ABEC502D45D50200F7506B /* Sources */ = {
			isa = PBXSourcesBuildPhase;
			buildActionMask = 2147483647;
			files = (
				23ABEC592D45D50200F7506B /* JaideepTaskCryptoUITests.swift in Sources */,
				23ABEC5B2D45D50200F7506B /* JaideepTaskCryptoUITestsLaunchTests.swift in Sources */,
			);
			runOnlyForDeploymentPostprocessing = 0;
		};
/* End PBXSourcesBuildPhase section */

/* Begin PBXTargetDependency section */
		23ABEC4C2D45D50200F7506B /* PBXTargetDependency */ = {
			isa = PBXTargetDependency;
			target = 23ABEC332D45D50000F7506B /* JaideepTaskCrypto */;
			targetProxy = 23ABEC4B2D45D50200F7506B /* PBXContainerItemProxy */;
		};
		23ABEC562D45D50200F7506B /* PBXTargetDependency */ = {
			isa = PBXTargetDependency;
			target = 23ABEC332D45D50000F7506B /* JaideepTaskCrypto */;
			targetProxy = 23ABEC552D45D50200F7506B /* PBXContainerItemProxy */;
		};
/* End PBXTargetDependency section */

/* Begin PBXVariantGroup section */
		23ABEC3D2D45D50000F7506B /* Main.storyboard */ = {
			isa = PBXVariantGroup;
			children = (
				23ABEC3E2D45D50000F7506B /* Base */,
			);
			name = Main.storyboard;
			sourceTree = "<group>";
		};
		23ABEC422D45D50200F7506B /* LaunchScreen.storyboard */ = {
			isa = PBXVariantGroup;
			children = (
				23ABEC432D45D50200F7506B /* Base */,
			);
			name = LaunchScreen.storyboard;
			sourceTree = "<group>";
		};
/* End PBXVariantGroup section */

/* Begin XCBuildConfiguration section */
		23ABEC5C2D45D50200F7506B /* Debug */ = {
			isa = XCBuildConfiguration;
			buildSettings = {
				ALWAYS_SEARCH_USER_PATHS = NO;
				ASSETCATALOG_COMPILER_GENERATE_SWIFT_ASSET_SYMBOL_EXTENSIONS = YES;
				CLANG_ANALYZER_NONNULL = YES;
				CLANG_ANALYZER_NUMBER_OBJECT_CONVERSION = YES_AGGRESSIVE;
				CLANG_CXX_LANGUAGE_STANDARD = "gnu++20";
				CLANG_ENABLE_MODULES = YES;
				CLANG_ENABLE_OBJC_ARC = YES;
				CLANG_ENABLE_OBJC_WEAK = YES;
				CLANG_WARN_BLOCK_CAPTURE_AUTORELEASING = YES;
				CLANG_WARN_BOOL_CONVERSION = YES;
				CLANG_WARN_COMMA = YES;
				CLANG_WARN_CONSTANT_CONVERSION = YES;
				CLANG_WARN_DEPRECATED_OBJC_IMPLEMENTATIONS = YES;
				CLANG_WARN_DIRECT_OBJC_ISA_USAGE = YES_ERROR;
				CLANG_WARN_DOCUMENTATION_COMMENTS = YES;
				CLANG_WARN_EMPTY_BODY = YES;
				CLANG_WARN_ENUM_CONVERSION = YES;
				CLANG_WARN_INFINITE_RECURSION = YES;
				CLANG_WARN_INT_CONVERSION = YES;
				CLANG_WARN_NON_LITERAL_NULL_CONVERSION = YES;
				CLANG_WARN_OBJC_IMPLICIT_RETAIN_SELF = YES;
				CLANG_WARN_OBJC_LITERAL_CONVERSION = YES;
				CLANG_WARN_OBJC_ROOT_CLASS = YES_ERROR;
				CLANG_WARN_QUOTED_INCLUDE_IN_FRAMEWORK_HEADER = YES;
				CLANG_WARN_RANGE_LOOP_ANALYSIS = YES;
				CLANG_WARN_STRICT_PROTOTYPES = YES;
				CLANG_WARN_SUSPICIOUS_MOVE = YES;
				CLANG_WARN_UNGUARDED_AVAILABILITY = YES_AGGRESSIVE;
				CLANG_WARN_UNREACHABLE_CODE = YES;
				CLANG_WARN__DUPLICATE_METHOD_MATCH = YES;
				COPY_PHASE_STRIP = NO;
				DEBUG_INFORMATION_FORMAT = dwarf;
				ENABLE_STRICT_OBJC_MSGSEND = YES;
				ENABLE_TESTABILITY = YES;
				ENABLE_USER_SCRIPT_SANDBOXING = YES;
				GCC_C_LANGUAGE_STANDARD = gnu17;
				GCC_DYNAMIC_NO_PIC = NO;
				GCC_NO_COMMON_BLOCKS = YES;
				GCC_OPTIMIZATION_LEVEL = 0;
				GCC_PREPROCESSOR_DEFINITIONS = (
					"DEBUG=1",
					"$(inherited)",
				);
				GCC_WARN_64_TO_32_BIT_CONVERSION = YES;
				GCC_WARN_ABOUT_RETURN_TYPE = YES_ERROR;
				GCC_WARN_UNDECLARED_SELECTOR = YES;
				GCC_WARN_UNINITIALIZED_AUTOS = YES_AGGRESSIVE;
				GCC_WARN_UNUSED_FUNCTION = YES;
				GCC_WARN_UNUSED_VARIABLE = YES;
				IPHONEOS_DEPLOYMENT_TARGET = 17.5;
				LOCALIZATION_PREFERS_STRING_CATALOGS = YES;
				MTL_ENABLE_DEBUG_INFO = INCLUDE_SOURCE;
				MTL_FAST_MATH = YES;
				ONLY_ACTIVE_ARCH = YES;
				SDKROOT = iphoneos;
				SWIFT_ACTIVE_COMPILATION_CONDITIONS = "DEBUG $(inherited)";
				SWIFT_OPTIMIZATION_LEVEL = "-Onone";
			};
			name = Debug;
		};
		23ABEC5D2D45D50200F7506B /* Release */ = {
			isa = XCBuildConfiguration;
			buildSettings = {
				ALWAYS_SEARCH_USER_PATHS = NO;
				ASSETCATALOG_COMPILER_GENERATE_SWIFT_ASSET_SYMBOL_EXTENSIONS = YES;
				CLANG_ANALYZER_NONNULL = YES;
				CLANG_ANALYZER_NUMBER_OBJECT_CONVERSION = YES_AGGRESSIVE;
				CLANG_CXX_LANGUAGE_STANDARD = "gnu++20";
				CLANG_ENABLE_MODULES = YES;
				CLANG_ENABLE_OBJC_ARC = YES;
				CLANG_ENABLE_OBJC_WEAK = YES;
				CLANG_WARN_BLOCK_CAPTURE_AUTORELEASING = YES;
				CLANG_WARN_BOOL_CONVERSION = YES;
				CLANG_WARN_COMMA = YES;
				CLANG_WARN_CONSTANT_CONVERSION = YES;
				CLANG_WARN_DEPRECATED_OBJC_IMPLEMENTATIONS = YES;
				CLANG_WARN_DIRECT_OBJC_ISA_USAGE = YES_ERROR;
				CLANG_WARN_DOCUMENTATION_COMMENTS = YES;
				CLANG_WARN_EMPTY_BODY = YES;
				CLANG_WARN_ENUM_CONVERSION = YES;
				CLANG_WARN_INFINITE_RECURSION = YES;
				CLANG_WARN_INT_CONVERSION = YES;
				CLANG_WARN_NON_LITERAL_NULL_CONVERSION = YES;
				CLANG_WARN_OBJC_IMPLICIT_RETAIN_SELF = YES;
				CLANG_WARN_OBJC_LITERAL_CONVERSION = YES;
				CLANG_WARN_OBJC_ROOT_CLASS = YES_ERROR;
				CLANG_WARN_QUOTED_INCLUDE_IN_FRAMEWORK_HEADER = YES;
				CLANG_WARN_RANGE_LOOP_ANALYSIS = YES;
				CLANG_WARN_STRICT_PROTOTYPES = YES;
				CLANG_WARN_SUSPICIOUS_MOVE = YES;
				CLANG_WARN_UNGUARDED_AVAILABILITY = YES_AGGRESSIVE;
				CLANG_WARN_UNREACHABLE_CODE = YES;
				CLANG_WARN__DUPLICATE_METHOD_MATCH = YES;
				COPY_PHASE_STRIP = NO;
				DEBUG_INFORMATION_FORMAT = "dwarf-with-dsym";
				ENABLE_NS_ASSERTIONS = NO;
				ENABLE_STRICT_OBJC_MSGSEND = YES;
				ENABLE_USER_SCRIPT_SANDBOXING = YES;
				GCC_C_LANGUAGE_STANDARD = gnu17;
				GCC_NO_COMMON_BLOCKS = YES;
				GCC_WARN_64_TO_32_BIT_CONVERSION = YES;
				GCC_WARN_ABOUT_RETURN_TYPE = YES_ERROR;
				GCC_WARN_UNDECLARED_SELECTOR = YES;
				GCC_WARN_UNINITIALIZED_AUTOS = YES_AGGRESSIVE;
				GCC_WARN_UNUSED_FUNCTION = YES;
				GCC_WARN_UNUSED_VARIABLE = YES;
				IPHONEOS_DEPLOYMENT_TARGET = 17.5;
				LOCALIZATION_PREFERS_STRING_CATALOGS = YES;
				MTL_ENABLE_DEBUG_INFO = NO;
				MTL_FAST_MATH = YES;
				SDKROOT = iphoneos;
				SWIFT_COMPILATION_MODE = wholemodule;
				VALIDATE_PRODUCT = YES;
			};
			name = Release;
		};
		23ABEC5F2D45D50200F7506B /* Debug */ = {
			isa = XCBuildConfiguration;
			buildSettings = {
				ASSETCATALOG_COMPILER_APPICON_NAME = AppIcon;
				ASSETCATALOG_COMPILER_GLOBAL_ACCENT_COLOR_NAME = AccentColor;
				CODE_SIGN_STYLE = Automatic;
				CURRENT_PROJECT_VERSION = 1;
				GENERATE_INFOPLIST_FILE = YES;
				INFOPLIST_FILE = JaideepTaskCrypto/Info.plist;
				INFOPLIST_KEY_UIApplicationSupportsIndirectInputEvents = YES;
				INFOPLIST_KEY_UILaunchStoryboardName = LaunchScreen;
				INFOPLIST_KEY_UIMainStoryboardFile = Main;
				INFOPLIST_KEY_UISupportedInterfaceOrientations_iPad = "UIInterfaceOrientationPortrait UIInterfaceOrientationPortraitUpsideDown UIInterfaceOrientationLandscapeLeft UIInterfaceOrientationLandscapeRight";
				INFOPLIST_KEY_UISupportedInterfaceOrientations_iPhone = "UIInterfaceOrientationPortrait UIInterfaceOrientationLandscapeLeft UIInterfaceOrientationLandscapeRight";
				LD_RUNPATH_SEARCH_PATHS = (
					"$(inherited)",
					"@executable_path/Frameworks",
				);
				MARKETING_VERSION = 1.0;
				PRODUCT_BUNDLE_IDENTIFIER = com.dummy.JaideepTaskCrypto;
				PRODUCT_NAME = "$(TARGET_NAME)";
				SWIFT_EMIT_LOC_STRINGS = YES;
				SWIFT_VERSION = 5.0;
				TARGETED_DEVICE_FAMILY = "1,2";
			};
			name = Debug;
		};
		23ABEC602D45D50200F7506B /* Release */ = {
			isa = XCBuildConfiguration;
			buildSettings = {
				ASSETCATALOG_COMPILER_APPICON_NAME = AppIcon;
				ASSETCATALOG_COMPILER_GLOBAL_ACCENT_COLOR_NAME = AccentColor;
				CODE_SIGN_STYLE = Automatic;
				CURRENT_PROJECT_VERSION = 1;
				GENERATE_INFOPLIST_FILE = YES;
				INFOPLIST_FILE = JaideepTaskCrypto/Info.plist;
				INFOPLIST_KEY_UIApplicationSupportsIndirectInputEvents = YES;
				INFOPLIST_KEY_UILaunchStoryboardName = LaunchScreen;
				INFOPLIST_KEY_UIMainStoryboardFile = Main;
				INFOPLIST_KEY_UISupportedInterfaceOrientations_iPad = "UIInterfaceOrientationPortrait UIInterfaceOrientationPortraitUpsideDown UIInterfaceOrientationLandscapeLeft UIInterfaceOrientationLandscapeRight";
				INFOPLIST_KEY_UISupportedInterfaceOrientations_iPhone = "UIInterfaceOrientationPortrait UIInterfaceOrientationLandscapeLeft UIInterfaceOrientationLandscapeRight";
				LD_RUNPATH_SEARCH_PATHS = (
					"$(inherited)",
					"@executable_path/Frameworks",
				);
				MARKETING_VERSION = 1.0;
				PRODUCT_BUNDLE_IDENTIFIER = com.dummy.JaideepTaskCrypto;
				PRODUCT_NAME = "$(TARGET_NAME)";
				SWIFT_EMIT_LOC_STRINGS = YES;
				SWIFT_VERSION = 5.0;
				TARGETED_DEVICE_FAMILY = "1,2";
			};
			name = Release;
		};
		23ABEC622D45D50200F7506B /* Debug */ = {
			isa = XCBuildConfiguration;
			buildSettings = {
				ALWAYS_EMBED_SWIFT_STANDARD_LIBRARIES = YES;
				BUNDLE_LOADER = "$(TEST_HOST)";
				CLANG_ENABLE_MODULES = YES;
				CODE_SIGN_STYLE = Automatic;
				CURRENT_PROJECT_VERSION = 1;
				GENERATE_INFOPLIST_FILE = YES;
				IPHONEOS_DEPLOYMENT_TARGET = 17.5;
				MARKETING_VERSION = 1.0;
				PRODUCT_BUNDLE_IDENTIFIER = com.dummy.JaideepTaskCryptoTests;
				PRODUCT_NAME = "$(TARGET_NAME)";
				SWIFT_EMIT_LOC_STRINGS = NO;
				SWIFT_OPTIMIZATION_LEVEL = "-Onone";
				SWIFT_VERSION = 5.0;
				TARGETED_DEVICE_FAMILY = "1,2";
				TEST_HOST = "$(BUILT_PRODUCTS_DIR)/JaideepTaskCrypto.app/$(BUNDLE_EXECUTABLE_FOLDER_PATH)/JaideepTaskCrypto";
			};
			name = Debug;
		};
		23ABEC632D45D50200F7506B /* Release */ = {
			isa = XCBuildConfiguration;
			buildSettings = {
				ALWAYS_EMBED_SWIFT_STANDARD_LIBRARIES = YES;
				BUNDLE_LOADER = "$(TEST_HOST)";
				CLANG_ENABLE_MODULES = YES;
				CODE_SIGN_STYLE = Automatic;
				CURRENT_PROJECT_VERSION = 1;
				GENERATE_INFOPLIST_FILE = YES;
				IPHONEOS_DEPLOYMENT_TARGET = 17.5;
				MARKETING_VERSION = 1.0;
				PRODUCT_BUNDLE_IDENTIFIER = com.dummy.JaideepTaskCryptoTests;
				PRODUCT_NAME = "$(TARGET_NAME)";
				SWIFT_EMIT_LOC_STRINGS = NO;
				SWIFT_VERSION = 5.0;
				TARGETED_DEVICE_FAMILY = "1,2";
				TEST_HOST = "$(BUILT_PRODUCTS_DIR)/JaideepTaskCrypto.app/$(BUNDLE_EXECUTABLE_FOLDER_PATH)/JaideepTaskCrypto";
			};
			name = Release;
		};
		23ABEC652D45D50200F7506B /* Debug */ = {
			isa = XCBuildConfiguration;
			buildSettings = {
				ALWAYS_EMBED_SWIFT_STANDARD_LIBRARIES = YES;
				CODE_SIGN_STYLE = Automatic;
				CURRENT_PROJECT_VERSION = 1;
				GENERATE_INFOPLIST_FILE = YES;
				MARKETING_VERSION = 1.0;
				PRODUCT_BUNDLE_IDENTIFIER = com.dummy.JaideepTaskCryptoUITests;
				PRODUCT_NAME = "$(TARGET_NAME)";
				SWIFT_EMIT_LOC_STRINGS = NO;
				SWIFT_VERSION = 5.0;
				TARGETED_DEVICE_FAMILY = "1,2";
				TEST_TARGET_NAME = JaideepTaskCrypto;
			};
			name = Debug;
		};
		23ABEC662D45D50200F7506B /* Release */ = {
			isa = XCBuildConfiguration;
			buildSettings = {
				ALWAYS_EMBED_SWIFT_STANDARD_LIBRARIES = YES;
				CODE_SIGN_STYLE = Automatic;
				CURRENT_PROJECT_VERSION = 1;
				GENERATE_INFOPLIST_FILE = YES;
				MARKETING_VERSION = 1.0;
				PRODUCT_BUNDLE_IDENTIFIER = com.dummy.JaideepTaskCryptoUITests;
				PRODUCT_NAME = "$(TARGET_NAME)";
				SWIFT_EMIT_LOC_STRINGS = NO;
				SWIFT_VERSION = 5.0;
				TARGETED_DEVICE_FAMILY = "1,2";
				TEST_TARGET_NAME = JaideepTaskCrypto;
			};
			name = Release;
		};
/* End XCBuildConfiguration section */

/* Begin XCConfigurationList section */
		23ABEC2F2D45D50000F7506B /* Build configuration list for PBXProject "JaideepTaskCrypto" */ = {
			isa = XCConfigurationList;
			buildConfigurations = (
				23ABEC5C2D45D50200F7506B /* Debug */,
				23ABEC5D2D45D50200F7506B /* Release */,
			);
			defaultConfigurationIsVisible = 0;
			defaultConfigurationName = Release;
		};
		23ABEC5E2D45D50200F7506B /* Build configuration list for PBXNativeTarget "JaideepTaskCrypto" */ = {
			isa = XCConfigurationList;
			buildConfigurations = (
				23ABEC5F2D45D50200F7506B /* Debug */,
				23ABEC602D45D50200F7506B /* Release */,
			);
			defaultConfigurationIsVisible = 0;
			defaultConfigurationName = Release;
		};
		23ABEC612D45D50200F7506B /* Build configuration list for PBXNativeTarget "JaideepTaskCryptoTests" */ = {
			isa = XCConfigurationList;
			buildConfigurations = (
				23ABEC622D45D50200F7506B /* Debug */,
				23ABEC632D45D50200F7506B /* Release */,
			);
			defaultConfigurationIsVisible = 0;
			defaultConfigurationName = Release;
		};
		23ABEC642D45D50200F7506B /* Build configuration list for PBXNativeTarget "JaideepTaskCryptoUITests" */ = {
			isa = XCConfigurationList;
			buildConfigurations = (
				23ABEC652D45D50200F7506B /* Debug */,
				23ABEC662D45D50200F7506B /* Release */,
			);
			defaultConfigurationIsVisible = 0;
			defaultConfigurationName = Release;
		};
/* End XCConfigurationList section */

/* Begin XCVersionGroup section */
		23ABEC872D45E1B200F7506B /* JaideepTaskCrypto.xcdatamodeld */ = {
			isa = XCVersionGroup;
			children = (
				23ABEC882D45E1B200F7506B /* JaideepTaskCrypto.xcdatamodel */,
			);
			currentVersion = 23ABEC882D45E1B200F7506B /* JaideepTaskCrypto.xcdatamodel */;
			name = JaideepTaskCrypto.xcdatamodeld;
			path = /Users/jaideep/Desktop/JaideepTaskCrypto/JaideepTaskCrypto/Resources/JaideepTaskCrypto.xcdatamodeld;
			sourceTree = "<group>";
			versionGroupType = wrapper.xcdatamodel;
		};
/* End XCVersionGroup section */
	};
	rootObject = 23ABEC2C2D45D50000F7506B /* Project object */;
}
